
Microsoft Visual Studio Solution File, Format Version 12.00
Project("{FAE04EC0-301F-11D3-BF4B-00C04F79EFBC}") = "WebApp", "WebApp\WebApp.csproj", "{4A9742C2-F5D6-4D00-AE66-14872600D919}"
EndProject
Project("{FAE04EC0-301F-11D3-BF4B-00C04F79EFBC}") = "Domain.App", "Domain.App\Domain.App.csproj", "{88A8C116-13F3-429A-8058-E5F2CE3635CD}"
EndProject
Project("{FAE04EC0-301F-11D3-BF4B-00C04F79EFBC}") = "Contracts.Domain.Base", "Contracts.Domain.Base\Contracts.Domain.Base.csproj", "{2E871941-DE0C-4DF5-9CEF-B590CA5B55C5}"
EndProject
Project("{FAE04EC0-301F-11D3-BF4B-00C04F79EFBC}") = "Domain.Base", "Domain.Base\Domain.Base.csproj", "{9C813959-58EF-4D80-BA1A-F19D9A9E283A}"
EndProject
Project("{FAE04EC0-301F-11D3-BF4B-00C04F79EFBC}") = "DAL.App.EF", "DAL.App.EF\DAL.App.EF.csproj", "{A9E4B231-2BFF-4CF7-AC05-C9EE03489D4C}"
EndProject
Project("{2150E333-8FDC-42A3-9474-1A3956D46DE8}") = "dev", "dev", "{AF0D615F-F6A0-4936-BD7C-3D6A53F02EC3}"
ProjectSection(SolutionItems) = preProject
	Dockerfile = Dockerfile
	.dockerignore = .dockerignore
EndProjectSection
EndProject
Global
	GlobalSection(SolutionConfigurationPlatforms) = preSolution
		Debug|Any CPU = Debug|Any CPU
		Release|Any CPU = Release|Any CPU
	EndGlobalSection
	GlobalSection(ProjectConfigurationPlatforms) = postSolution
		{4A9742C2-F5D6-4D00-AE66-14872600D919}.Debug|Any CPU.ActiveCfg = Debug|Any CPU
		{4A9742C2-F5D6-4D00-AE66-14872600D919}.Debug|Any CPU.Build.0 = Debug|Any CPU
		{4A9742C2-F5D6-4D00-AE66-14872600D919}.Release|Any CPU.ActiveCfg = Release|Any CPU
		{4A9742C2-F5D6-4D00-AE66-14872600D919}.Release|Any CPU.Build.0 = Release|Any CPU
		{88A8C116-13F3-429A-8058-E5F2CE3635CD}.Debug|Any CPU.ActiveCfg = Debug|Any CPU
		{88A8C116-13F3-429A-8058-E5F2CE3635CD}.Debug|Any CPU.Build.0 = Debug|Any CPU
		{88A8C116-13F3-429A-8058-E5F2CE3635CD}.Release|Any CPU.ActiveCfg = Release|Any CPU
		{88A8C116-13F3-429A-8058-E5F2CE3635CD}.Release|Any CPU.Build.0 = Release|Any CPU
		{2E871941-DE0C-4DF5-9CEF-B590CA5B55C5}.Debug|Any CPU.ActiveCfg = Debug|Any CPU
		{2E871941-DE0C-4DF5-9CEF-B590CA5B55C5}.Debug|Any CPU.Build.0 = Debug|Any CPU
		{2E871941-DE0C-4DF5-9CEF-B590CA5B55C5}.Release|Any CPU.ActiveCfg = Release|Any CPU
		{2E871941-DE0C-4DF5-9CEF-B590CA5B55C5}.Release|Any CPU.Build.0 = Release|Any CPU
		{9C813959-58EF-4D80-BA1A-F19D9A9E283A}.Debug|Any CPU.ActiveCfg = Debug|Any CPU
		{9C813959-58EF-4D80-BA1A-F19D9A9E283A}.Debug|Any CPU.Build.0 = Debug|Any CPU
		{9C813959-58EF-4D80-BA1A-F19D9A9E283A}.Release|Any CPU.ActiveCfg = Release|Any CPU
		{9C813959-58EF-4D80-BA1A-F19D9A9E283A}.Release|Any CPU.Build.0 = Release|Any CPU
		{A9E4B231-2BFF-4CF7-AC05-C9EE03489D4C}.Debug|Any CPU.ActiveCfg = Debug|Any CPU
		{A9E4B231-2BFF-4CF7-AC05-C9EE03489D4C}.Debug|Any CPU.Build.0 = Debug|Any CPU
		{A9E4B231-2BFF-4CF7-AC05-C9EE03489D4C}.Release|Any CPU.ActiveCfg = Release|Any CPU
		{A9E4B231-2BFF-4CF7-AC05-C9EE03489D4C}.Release|Any CPU.Build.0 = Release|Any CPU
	EndGlobalSection
EndGlobal
